# This file is automatically @generated by Cargo.
# It is not intended for manual editing.
version = 3

[[package]]
name = "crate_of_a"
version = "0.1.0"
dependencies = [
 "shared",
]

[[package]]
name = "crate_of_b"
version = "0.1.0"
dependencies = [
 "crate_of_a",
 "shared",
]

[[package]]
name = "shared"
version = "0.1.0"
